
Microsoft Visual Studio Solution File, Format Version 12.00
# Visual Studio Version 17
VisualStudioVersion = 17.12.35506.116 d17.12
MinimumVisualStudioVersion = 10.0.40219.1
Project("{FAE04EC0-301F-11D3-BF4B-00C04F79EFBC}") = "Cafe Mnagement Desktop", "Cafe Mnagement Desktop.csproj", "{F38F0EE0-5DA3-4E1B-BAEA-4CEBA622B59C}"
EndProject
Global
	GlobalSection(SolutionConfigurationPlatforms) = preSolution
		Debug|Any CPU = Debug|Any CPU
		Release|Any CPU = Release|Any CPU
	EndGlobalSection
	GlobalSection(ProjectConfigurationPlatforms) = postSolution
		{F38F0EE0-5DA3-4E1B-BAEA-4CEBA622B59C}.Debug|Any CPU.ActiveCfg = Debug|Any CPU
		{F38F0EE0-5DA3-4E1B-BAEA-4CEBA622B59C}.Debug|Any CPU.Build.0 = Debug|Any CPU
		{F38F0EE0-5DA3-4E1B-BAEA-4CEBA622B59C}.Release|Any CPU.ActiveCfg = Release|Any CPU
		{F38F0EE0-5DA3-4E1B-BAEA-4CEBA622B59C}.Release|Any CPU.Build.0 = Release|Any CPU
	EndGlobalSection
	GlobalSection(SolutionProperties) = preSolution
		HideSolutionNode = FALSE
	EndGlobalSection
EndGlobal
